
Microsoft Visual Studio Solution File, Format Version 12.00
# Visual Studio Version 16
VisualStudioVersion = 16.0.31424.327
MinimumVisualStudioVersion = 10.0.40219.1
Project("{FAE04EC0-301F-11D3-BF4B-00C04F79EFBC}") = "PhoneShop", "ConsoleApp1\PhoneShop.csproj", "{E94EC932-7D54-4610-890B-2B93A7146887}"
EndProject
Project("{FAE04EC0-301F-11D3-BF4B-00C04F79EFBC}") = "CoffeeLover", "CoffeeLover\CoffeeLover.csproj", "{03723A14-105C-43AC-8A0A-D4B38E0CC70A}"
EndProject
Project("{FAE04EC0-301F-11D3-BF4B-00C04F79EFBC}") = "TheHuntingGames", "TheHuntingGames\TheHuntingGames.csproj", "{C368068F-864B-45B6-8F01-190195513679}"
EndProject
Global
	GlobalSection(SolutionConfigurationPlatforms) = preSolution
		Debug|Any CPU = Debug|Any CPU
		Release|Any CPU = Release|Any CPU
	EndGlobalSection
	GlobalSection(ProjectConfigurationPlatforms) = postSolution
		{E94EC932-7D54-4610-890B-2B93A7146887}.Debug|Any CPU.ActiveCfg = Debug|Any CPU
		{E94EC932-7D54-4610-890B-2B93A7146887}.Debug|Any CPU.Build.0 = Debug|Any CPU
		{E94EC932-7D54-4610-890B-2B93A7146887}.Release|Any CPU.ActiveCfg = Release|Any CPU
		{E94EC932-7D54-4610-890B-2B93A7146887}.Release|Any CPU.Build.0 = Release|Any CPU
		{03723A14-105C-43AC-8A0A-D4B38E0CC70A}.Debug|Any CPU.ActiveCfg = Debug|Any CPU
		{03723A14-105C-43AC-8A0A-D4B38E0CC70A}.Debug|Any CPU.Build.0 = Debug|Any CPU
		{03723A14-105C-43AC-8A0A-D4B38E0CC70A}.Release|Any CPU.ActiveCfg = Release|Any CPU
		{03723A14-105C-43AC-8A0A-D4B38E0CC70A}.Release|Any CPU.Build.0 = Release|Any CPU
		{C368068F-864B-45B6-8F01-190195513679}.Debug|Any CPU.ActiveCfg = Debug|Any CPU
		{C368068F-864B-45B6-8F01-190195513679}.Debug|Any CPU.Build.0 = Debug|Any CPU
		{C368068F-864B-45B6-8F01-190195513679}.Release|Any CPU.ActiveCfg = Release|Any CPU
		{C368068F-864B-45B6-8F01-190195513679}.Release|Any CPU.Build.0 = Release|Any CPU
	EndGlobalSection
	GlobalSection(SolutionProperties) = preSolution
		HideSolutionNode = FALSE
	EndGlobalSection
	GlobalSection(ExtensibilityGlobals) = postSolution
		SolutionGuid = {75C11E9B-E840-4413-8429-BDCA13CBD55B}
	EndGlobalSection
EndGlobal
